go.osspkg.com/errors v0.3.1 h1:F9m/EEd/Ot2jba/TV7tvVRIpWXzIpNLc7vRJKcBD86A=
go.osspkg.com/errors v0.3.1/go.mod h1:dKXe6Rt07nzY7OyKQNZ8HGBicZ2uQ5TKEoVFnVFOK44=
go.osspkg.com/ioutils v0.4.4 h1:1DCGtlPn0/OaoRgUxNzRcH1L3K90WyFRY6CPcKbWuMU=
go.osspkg.com/ioutils v0.4.4/go.mod h1:58HhG2NHf9JUtixAH3R2XISlUmJruwVIUZ3039QVjOY=
